
Microsoft Visual Studio Solution File, Format Version 12.00
# Visual Studio 15
VisualStudioVersion = 15.0.26124.0
MinimumVisualStudioVersion = 15.0.26124.0
Project("{FAE04EC0-301F-11D3-BF4B-00C04F79EFBC}") = "App", "App\App.csproj", "{BB0BF7B1-1D76-4C83-8076-D430C872A9E2}"
EndProject
Project("{FAE04EC0-301F-11D3-BF4B-00C04F79EFBC}") = "DIGenerator", "DIGenerator\DIGenerator.csproj", "{53CD27F3-57E3-4939-A9E1-0BDCB1FC62A8}"
EndProject
Global
	GlobalSection(SolutionConfigurationPlatforms) = preSolution
		Debug|Any CPU = Debug|Any CPU
		Debug|x64 = Debug|x64
		Debug|x86 = Debug|x86
		Release|Any CPU = Release|Any CPU
		Release|x64 = Release|x64
		Release|x86 = Release|x86
	EndGlobalSection
	GlobalSection(SolutionProperties) = preSolution
		HideSolutionNode = FALSE
	EndGlobalSection
	GlobalSection(ProjectConfigurationPlatforms) = postSolution
		{BB0BF7B1-1D76-4C83-8076-D430C872A9E2}.Debug|Any CPU.ActiveCfg = Debug|Any CPU
		{BB0BF7B1-1D76-4C83-8076-D430C872A9E2}.Debug|Any CPU.Build.0 = Debug|Any CPU
		{BB0BF7B1-1D76-4C83-8076-D430C872A9E2}.Debug|x64.ActiveCfg = Debug|Any CPU
		{BB0BF7B1-1D76-4C83-8076-D430C872A9E2}.Debug|x64.Build.0 = Debug|Any CPU
		{BB0BF7B1-1D76-4C83-8076-D430C872A9E2}.Debug|x86.ActiveCfg = Debug|Any CPU
		{BB0BF7B1-1D76-4C83-8076-D430C872A9E2}.Debug|x86.Build.0 = Debug|Any CPU
		{BB0BF7B1-1D76-4C83-8076-D430C872A9E2}.Release|Any CPU.ActiveCfg = Release|Any CPU
		{BB0BF7B1-1D76-4C83-8076-D430C872A9E2}.Release|Any CPU.Build.0 = Release|Any CPU
		{BB0BF7B1-1D76-4C83-8076-D430C872A9E2}.Release|x64.ActiveCfg = Release|Any CPU
		{BB0BF7B1-1D76-4C83-8076-D430C872A9E2}.Release|x64.Build.0 = Release|Any CPU
		{BB0BF7B1-1D76-4C83-8076-D430C872A9E2}.Release|x86.ActiveCfg = Release|Any CPU
		{BB0BF7B1-1D76-4C83-8076-D430C872A9E2}.Release|x86.Build.0 = Release|Any CPU
		{53CD27F3-57E3-4939-A9E1-0BDCB1FC62A8}.Debug|Any CPU.ActiveCfg = Debug|Any CPU
		{53CD27F3-57E3-4939-A9E1-0BDCB1FC62A8}.Debug|Any CPU.Build.0 = Debug|Any CPU
		{53CD27F3-57E3-4939-A9E1-0BDCB1FC62A8}.Debug|x64.ActiveCfg = Debug|Any CPU
		{53CD27F3-57E3-4939-A9E1-0BDCB1FC62A8}.Debug|x64.Build.0 = Debug|Any CPU
		{53CD27F3-57E3-4939-A9E1-0BDCB1FC62A8}.Debug|x86.ActiveCfg = Debug|Any CPU
		{53CD27F3-57E3-4939-A9E1-0BDCB1FC62A8}.Debug|x86.Build.0 = Debug|Any CPU
		{53CD27F3-57E3-4939-A9E1-0BDCB1FC62A8}.Release|Any CPU.ActiveCfg = Release|Any CPU
		{53CD27F3-57E3-4939-A9E1-0BDCB1FC62A8}.Release|Any CPU.Build.0 = Release|Any CPU
		{53CD27F3-57E3-4939-A9E1-0BDCB1FC62A8}.Release|x64.ActiveCfg = Release|Any CPU
		{53CD27F3-57E3-4939-A9E1-0BDCB1FC62A8}.Release|x64.Build.0 = Release|Any CPU
		{53CD27F3-57E3-4939-A9E1-0BDCB1FC62A8}.Release|x86.ActiveCfg = Release|Any CPU
		{53CD27F3-57E3-4939-A9E1-0BDCB1FC62A8}.Release|x86.Build.0 = Release|Any CPU
	EndGlobalSection
EndGlobal
